
Microsoft Visual Studio Solution File, Format Version 12.00
# Visual Studio Version 17
VisualStudioVersion = 17.2.32616.157
MinimumVisualStudioVersion = 10.0.40219.1
Project("{FAE04EC0-301F-11D3-BF4B-00C04F79EFBC}") = "login_form", "login_form\login_form.csproj", "{52F96679-ED67-4FE7-B7AE-59E5E59C2F66}"
EndProject
Global
	GlobalSection(SolutionConfigurationPlatforms) = preSolution
		Debug|Any CPU = Debug|Any CPU
		Release|Any CPU = Release|Any CPU
	EndGlobalSection
	GlobalSection(ProjectConfigurationPlatforms) = postSolution
		{52F96679-ED67-4FE7-B7AE-59E5E59C2F66}.Debug|Any CPU.ActiveCfg = Debug|Any CPU
		{52F96679-ED67-4FE7-B7AE-59E5E59C2F66}.Debug|Any CPU.Build.0 = Debug|Any CPU
		{52F96679-ED67-4FE7-B7AE-59E5E59C2F66}.Release|Any CPU.ActiveCfg = Release|Any CPU
		{52F96679-ED67-4FE7-B7AE-59E5E59C2F66}.Release|Any CPU.Build.0 = Release|Any CPU
	EndGlobalSection
	GlobalSection(SolutionProperties) = preSolution
		HideSolutionNode = FALSE
	EndGlobalSection
	GlobalSection(ExtensibilityGlobals) = postSolution
		SolutionGuid = {E049A9AB-D248-492E-BEC4-EE6F5D71EF9C}
	EndGlobalSection
EndGlobal
